
Microsoft Visual Studio Solution File, Format Version 12.00
# Visual Studio 15
VisualStudioVersion = 15.0.28307.572
MinimumVisualStudioVersion = 10.0.40219.1
Project("{9A19103F-16F7-4668-BE54-9A1E7A4F7556}") = "DockerSQL.Domain", "DockerSQL.Domain\DockerSQL.Domain.csproj", "{B389186C-377E-4571-AF85-6223F4037EB0}"
EndProject
Project("{9A19103F-16F7-4668-BE54-9A1E7A4F7556}") = "DockerSQL.Infrastructure.Repository", "..\Infrastructure\DockerSQL.Infrastructure.Repository\DockerSQL.Infrastructure.Repository.csproj", "{4BA8939D-9548-472C-9B36-00FD9D1413AD}"
EndProject
Project("{FAE04EC0-301F-11D3-BF4B-00C04F79EFBC}") = "DockerSQLInfrastructure.IoC", "..\Infrastructure\DockerSQLInfrastructure.IoC\DockerSQLInfrastructure.IoC.csproj", "{F5C12D91-6595-4832-8003-9663A20FE3F0}"
EndProject
Project("{FAE04EC0-301F-11D3-BF4B-00C04F79EFBC}") = "DockerSQL.Application", "..\Application\DockerSQL.Application\DockerSQL.Application.csproj", "{0C8BE9BB-4E02-45C4-BDF2-6865BC911262}"
EndProject
Project("{FAE04EC0-301F-11D3-BF4B-00C04F79EFBC}") = "DockerSQL.Application.WebAPI", "..\Application\DockerSQL.Application.WebAPI\DockerSQL.Application.WebAPI.csproj", "{9EFDBB3C-477D-4CC7-ADFA-C091A4B9E272}"
EndProject
Global
	GlobalSection(SolutionConfigurationPlatforms) = preSolution
		Debug|Any CPU = Debug|Any CPU
		Release|Any CPU = Release|Any CPU
	EndGlobalSection
	GlobalSection(ProjectConfigurationPlatforms) = postSolution
		{B389186C-377E-4571-AF85-6223F4037EB0}.Debug|Any CPU.ActiveCfg = Debug|Any CPU
		{B389186C-377E-4571-AF85-6223F4037EB0}.Debug|Any CPU.Build.0 = Debug|Any CPU
		{B389186C-377E-4571-AF85-6223F4037EB0}.Release|Any CPU.ActiveCfg = Release|Any CPU
		{B389186C-377E-4571-AF85-6223F4037EB0}.Release|Any CPU.Build.0 = Release|Any CPU
		{4BA8939D-9548-472C-9B36-00FD9D1413AD}.Debug|Any CPU.ActiveCfg = Debug|Any CPU
		{4BA8939D-9548-472C-9B36-00FD9D1413AD}.Debug|Any CPU.Build.0 = Debug|Any CPU
		{4BA8939D-9548-472C-9B36-00FD9D1413AD}.Release|Any CPU.ActiveCfg = Release|Any CPU
		{4BA8939D-9548-472C-9B36-00FD9D1413AD}.Release|Any CPU.Build.0 = Release|Any CPU
		{F5C12D91-6595-4832-8003-9663A20FE3F0}.Debug|Any CPU.ActiveCfg = Debug|Any CPU
		{F5C12D91-6595-4832-8003-9663A20FE3F0}.Debug|Any CPU.Build.0 = Debug|Any CPU
		{F5C12D91-6595-4832-8003-9663A20FE3F0}.Release|Any CPU.ActiveCfg = Release|Any CPU
		{F5C12D91-6595-4832-8003-9663A20FE3F0}.Release|Any CPU.Build.0 = Release|Any CPU
		{0C8BE9BB-4E02-45C4-BDF2-6865BC911262}.Debug|Any CPU.ActiveCfg = Debug|Any CPU
		{0C8BE9BB-4E02-45C4-BDF2-6865BC911262}.Debug|Any CPU.Build.0 = Debug|Any CPU
		{0C8BE9BB-4E02-45C4-BDF2-6865BC911262}.Release|Any CPU.ActiveCfg = Release|Any CPU
		{0C8BE9BB-4E02-45C4-BDF2-6865BC911262}.Release|Any CPU.Build.0 = Release|Any CPU
		{9EFDBB3C-477D-4CC7-ADFA-C091A4B9E272}.Debug|Any CPU.ActiveCfg = Debug|Any CPU
		{9EFDBB3C-477D-4CC7-ADFA-C091A4B9E272}.Debug|Any CPU.Build.0 = Debug|Any CPU
		{9EFDBB3C-477D-4CC7-ADFA-C091A4B9E272}.Release|Any CPU.ActiveCfg = Release|Any CPU
		{9EFDBB3C-477D-4CC7-ADFA-C091A4B9E272}.Release|Any CPU.Build.0 = Release|Any CPU
	EndGlobalSection
	GlobalSection(SolutionProperties) = preSolution
		HideSolutionNode = FALSE
	EndGlobalSection
	GlobalSection(ExtensibilityGlobals) = postSolution
		SolutionGuid = {8695692D-F4EE-40F1-BF12-FFC25EF860A1}
	EndGlobalSection
EndGlobal
